
Microsoft Visual Studio Solution File, Format Version 12.00
# Visual Studio Version 17
VisualStudioVersion = 17.6.33815.320
MinimumVisualStudioVersion = 10.0.40219.1
Project("{8BC9CEB8-8B4A-11D0-8D11-00A0C91BC942}") = "OpenGLFirstProject", "OpenGLFirstProject\OpenGLFirstProject.vcxproj", "{28114526-4AE7-4E41-8609-458636987E72}"
EndProject
Project("{8BC9CEB8-8B4A-11D0-8D11-00A0C91BC942}") = "FirstInteractableScene", "FirstInteractableScene\FirstInteractableScene.vcxproj", "{835F3C3F-3710-4C2B-82BA-5460F3422DB8}"
EndProject
Global
	GlobalSection(SolutionConfigurationPlatforms) = preSolution
		Debug|x64 = Debug|x64
		Debug|x86 = Debug|x86
		Release|x64 = Release|x64
		Release|x86 = Release|x86
	EndGlobalSection
	GlobalSection(ProjectConfigurationPlatforms) = postSolution
		{28114526-4AE7-4E41-8609-458636987E72}.Debug|x64.ActiveCfg = Debug|x64
		{28114526-4AE7-4E41-8609-458636987E72}.Debug|x64.Build.0 = Debug|x64
		{28114526-4AE7-4E41-8609-458636987E72}.Debug|x86.ActiveCfg = Debug|Win32
		{28114526-4AE7-4E41-8609-458636987E72}.Debug|x86.Build.0 = Debug|Win32
		{28114526-4AE7-4E41-8609-458636987E72}.Release|x64.ActiveCfg = Release|x64
		{28114526-4AE7-4E41-8609-458636987E72}.Release|x64.Build.0 = Release|x64
		{28114526-4AE7-4E41-8609-458636987E72}.Release|x86.ActiveCfg = Release|Win32
		{28114526-4AE7-4E41-8609-458636987E72}.Release|x86.Build.0 = Release|Win32
		{835F3C3F-3710-4C2B-82BA-5460F3422DB8}.Debug|x64.ActiveCfg = Debug|x64
		{835F3C3F-3710-4C2B-82BA-5460F3422DB8}.Debug|x64.Build.0 = Debug|x64
		{835F3C3F-3710-4C2B-82BA-5460F3422DB8}.Debug|x86.ActiveCfg = Debug|Win32
		{835F3C3F-3710-4C2B-82BA-5460F3422DB8}.Debug|x86.Build.0 = Debug|Win32
		{835F3C3F-3710-4C2B-82BA-5460F3422DB8}.Release|x64.ActiveCfg = Release|x64
		{835F3C3F-3710-4C2B-82BA-5460F3422DB8}.Release|x64.Build.0 = Release|x64
		{835F3C3F-3710-4C2B-82BA-5460F3422DB8}.Release|x86.ActiveCfg = Release|Win32
		{835F3C3F-3710-4C2B-82BA-5460F3422DB8}.Release|x86.Build.0 = Release|Win32
	EndGlobalSection
	GlobalSection(SolutionProperties) = preSolution
		HideSolutionNode = FALSE
	EndGlobalSection
	GlobalSection(ExtensibilityGlobals) = postSolution
		SolutionGuid = {BB63A97E-C165-4B23-91AB-5BE3C087A80C}
	EndGlobalSection
EndGlobal
